
Microsoft Visual Studio Solution File, Format Version 12.00
# Visual Studio Version 16
VisualStudioVersion = 16.0.30503.244
MinimumVisualStudioVersion = 10.0.40219.1
Project("{FAE04EC0-301F-11D3-BF4B-00C04F79EFBC}") = "EjerciciosOficialesListas", "EjerciciosOficialesListas\EjerciciosOficialesListas.csproj", "{4C10EE1A-F498-4E26-9D80-920516E7957C}"
EndProject
Global
	GlobalSection(SolutionConfigurationPlatforms) = preSolution
		Debug|Any CPU = Debug|Any CPU
		Release|Any CPU = Release|Any CPU
	EndGlobalSection
	GlobalSection(ProjectConfigurationPlatforms) = postSolution
		{4C10EE1A-F498-4E26-9D80-920516E7957C}.Debug|Any CPU.ActiveCfg = Debug|Any CPU
		{4C10EE1A-F498-4E26-9D80-920516E7957C}.Debug|Any CPU.Build.0 = Debug|Any CPU
		{4C10EE1A-F498-4E26-9D80-920516E7957C}.Release|Any CPU.ActiveCfg = Release|Any CPU
		{4C10EE1A-F498-4E26-9D80-920516E7957C}.Release|Any CPU.Build.0 = Release|Any CPU
	EndGlobalSection
	GlobalSection(SolutionProperties) = preSolution
		HideSolutionNode = FALSE
	EndGlobalSection
	GlobalSection(ExtensibilityGlobals) = postSolution
		SolutionGuid = {FF4C7A49-2F7C-4818-A7C6-2F80782A4ECA}
	EndGlobalSection
EndGlobal
